// !$*UTF8*$!
{
	archiveVersion = 1;
	classes = {
	};
	objectVersion = 52;
	objects = {

/* Begin PBXBuildFile section */
		5451E7302695B85D00FC23A1 /* AppDelegate.swift in Sources */ = {isa = PBXBuildFile; fileRef = 5451E72F2695B85D00FC23A1 /* AppDelegate.swift */; };
		5451E7322695B85D00FC23A1 /* SceneDelegate.swift in Sources */ = {isa = PBXBuildFile; fileRef = 5451E7312695B85D00FC23A1 /* SceneDelegate.swift */; };
		5451E7342695B85D00FC23A1 /* NewsViewController.swift in Sources */ = {isa = PBXBuildFile; fileRef = 5451E7332695B85D00FC23A1 /* NewsViewController.swift */; };
		5451E7372695B85D00FC23A1 /* Main.storyboard in Resources */ = {isa = PBXBuildFile; fileRef = 5451E7352695B85D00FC23A1 /* Main.storyboard */; };
		5451E7392695B85E00FC23A1 /* Assets.xcassets in Resources */ = {isa = PBXBuildFile; fileRef = 5451E7382695B85E00FC23A1 /* Assets.xcassets */; };
		5451E73C2695B85E00FC23A1 /* LaunchScreen.storyboard in Resources */ = {isa = PBXBuildFile; fileRef = 5451E73A2695B85E00FC23A1 /* LaunchScreen.storyboard */; };
		5451E7582695F64700FC23A1 /* FavoritesViewController.swift in Sources */ = {isa = PBXBuildFile; fileRef = 5451E7572695F64700FC23A1 /* FavoritesViewController.swift */; };
		5451E75B2696049D00FC23A1 /* APICaller.swift in Sources */ = {isa = PBXBuildFile; fileRef = 5451E75A2696049D00FC23A1 /* APICaller.swift */; };
		5451E75D2696066700FC23A1 /* NewsResponse.swift in Sources */ = {isa = PBXBuildFile; fileRef = 5451E75C2696066700FC23A1 /* NewsResponse.swift */; };
		5451E75F26960A8700FC23A1 /* NewsTableViewCell.swift in Sources */ = {isa = PBXBuildFile; fileRef = 5451E75E26960A8700FC23A1 /* NewsTableViewCell.swift */; };
		5451E76126960B0A00FC23A1 /* NewsTableCellViewModel.swift in Sources */ = {isa = PBXBuildFile; fileRef = 5451E76026960B0A00FC23A1 /* NewsTableCellViewModel.swift */; };
		5451E7632696239700FC23A1 /* NewsDetailViewController.swift in Sources */ = {isa = PBXBuildFile; fileRef = 5451E7622696239700FC23A1 /* NewsDetailViewController.swift */; };
		5451E766269639E300FC23A1 /* Kingfisher in Frameworks */ = {isa = PBXBuildFile; productRef = 5451E765269639E300FC23A1 /* Kingfisher */; };
		5451E769269705FB00FC23A1 /* Helper.swift in Sources */ = {isa = PBXBuildFile; fileRef = 5451E768269705FB00FC23A1 /* Helper.swift */; };
		5451E76B2697067D00FC23A1 /* Extensions.swift in Sources */ = {isa = PBXBuildFile; fileRef = 5451E76A2697067D00FC23A1 /* Extensions.swift */; };
		5451E76D2697333A00FC23A1 /* FavoritesTableViewCell.swift in Sources */ = {isa = PBXBuildFile; fileRef = 5451E76C2697333A00FC23A1 /* FavoritesTableViewCell.swift */; };
		5451E76F2697337700FC23A1 /* FavoritesTableViewCellViewModel.swift in Sources */ = {isa = PBXBuildFile; fileRef = 5451E76E2697337700FC23A1 /* FavoritesTableViewCellViewModel.swift */; };
		54C3BCC126EF94A6009F1BE7 /* NewsDetailStoryboard.storyboard in Resources */ = {isa = PBXBuildFile; fileRef = 54C3BCC026EF94A6009F1BE7 /* NewsDetailStoryboard.storyboard */; };
		54C3BCC326EF94D0009F1BE7 /* NewsDetailViewControllerWithStoryboard.swift in Sources */ = {isa = PBXBuildFile; fileRef = 54C3BCC226EF94D0009F1BE7 /* NewsDetailViewControllerWithStoryboard.swift */; };
/* End PBXBuildFile section */

/* Begin PBXFileReference section */
		5451E72C2695B85D00FC23A1 /* NewsAppUIKit.app */ = {isa = PBXFileReference; explicitFileType = wrapper.application; includeInIndex = 0; path = NewsAppUIKit.app; sourceTree = BUILT_PRODUCTS_DIR; };
		5451E72F2695B85D00FC23A1 /* AppDelegate.swift */ = {isa = PBXFileReference; lastKnownFileType = sourcecode.swift; path = AppDelegate.swift; sourceTree = "<group>"; };
		5451E7312695B85D00FC23A1 /* SceneDelegate.swift */ = {isa = PBXFileReference; lastKnownFileType = sourcecode.swift; path = SceneDelegate.swift; sourceTree = "<group>"; };
		5451E7332695B85D00FC23A1 /* NewsViewController.swift */ = {isa = PBXFileReference; lastKnownFileType = sourcecode.swift; path = NewsViewController.swift; sourceTree = "<group>"; };
		5451E7362695B85D00FC23A1 /* Base */ = {isa = PBXFileReference; lastKnownFileType = file.storyboard; name = Base; path = Base.lproj/Main.storyboard; sourceTree = "<group>"; };
		5451E7382695B85E00FC23A1 /* Assets.xcassets */ = {isa = PBXFileReference; lastKnownFileType = folder.assetcatalog; path = Assets.xcassets; sourceTree = "<group>"; };
		5451E73B2695B85E00FC23A1 /* Base */ = {isa = PBXFileReference; lastKnownFileType = file.storyboard; name = Base; path = Base.lproj/LaunchScreen.storyboard; sourceTree = "<group>"; };
		5451E73D2695B85E00FC23A1 /* Info.plist */ = {isa = PBXFileReference; lastKnownFileType = text.plist.xml; path = Info.plist; sourceTree = "<group>"; };
		5451E7572695F64700FC23A1 /* FavoritesViewController.swift */ = {isa = PBXFileReference; lastKnownFileType = sourcecode.swift; path = FavoritesViewController.swift; sourceTree = "<group>"; };
		5451E75A2696049D00FC23A1 /* APICaller.swift */ = {isa = PBXFileReference; lastKnownFileType = sourcecode.swift; path = APICaller.swift; sourceTree = "<group>"; };
		5451E75C2696066700FC23A1 /* NewsResponse.swift */ = {isa = PBXFileReference; lastKnownFileType = sourcecode.swift; path = NewsResponse.swift; sourceTree = "<group>"; };
		5451E75E26960A8700FC23A1 /* NewsTableViewCell.swift */ = {isa = PBXFileReference; lastKnownFileType = sourcecode.swift; path = NewsTableViewCell.swift; sourceTree = "<group>"; };
		5451E76026960B0A00FC23A1 /* NewsTableCellViewModel.swift */ = {isa = PBXFileReference; lastKnownFileType = sourcecode.swift; path = NewsTableCellViewModel.swift; sourceTree = "<group>"; };
		5451E7622696239700FC23A1 /* NewsDetailViewController.swift */ = {isa = PBXFileReference; lastKnownFileType = sourcecode.swift; path = NewsDetailViewController.swift; sourceTree = "<group>"; };
		5451E768269705FB00FC23A1 /* Helper.swift */ = {isa = PBXFileReference; lastKnownFileType = sourcecode.swift; path = Helper.swift; sourceTree = "<group>"; };
		5451E76A2697067D00FC23A1 /* Extensions.swift */ = {isa = PBXFileReference; lastKnownFileType = sourcecode.swift; path = Extensions.swift; sourceTree = "<group>"; };
		5451E76C2697333A00FC23A1 /* FavoritesTableViewCell.swift */ = {isa = PBXFileReference; lastKnownFileType = sourcecode.swift; path = FavoritesTableViewCell.swift; sourceTree = "<group>"; };
		5451E76E2697337700FC23A1 /* FavoritesTableViewCellViewModel.swift */ = {isa = PBXFileReference; lastKnownFileType = sourcecode.swift; path = FavoritesTableViewCellViewModel.swift; sourceTree = "<group>"; };
		54C3BCC026EF94A6009F1BE7 /* NewsDetailStoryboard.storyboard */ = {isa = PBXFileReference; lastKnownFileType = file.storyboard; path = NewsDetailStoryboard.storyboard; sourceTree = "<group>"; };
		54C3BCC226EF94D0009F1BE7 /* NewsDetailViewControllerWithStoryboard.swift */ = {isa = PBXFileReference; lastKnownFileType = sourcecode.swift; path = NewsDetailViewControllerWithStoryboard.swift; sourceTree = "<group>"; };
/* End PBXFileReference section */

/* Begin PBXFrameworksBuildPhase section */
		5451E7292695B85D00FC23A1 /* Frameworks */ = {
			isa = PBXFrameworksBuildPhase;
			buildActionMask = 2147483647;
			files = (
				5451E766269639E300FC23A1 /* Kingfisher in Frameworks */,
			);
			runOnlyForDeploymentPostprocessing = 0;
		};
/* End PBXFrameworksBuildPhase section */

/* Begin PBXGroup section */
		5451E7232695B85D00FC23A1 = {
			isa = PBXGroup;
			children = (
				5451E72E2695B85D00FC23A1 /* NewsAppUIKit */,
				5451E72D2695B85D00FC23A1 /* Products */,
			);
			sourceTree = "<group>";
		};
		5451E72D2695B85D00FC23A1 /* Products */ = {
			isa = PBXGroup;
			children = (
				5451E72C2695B85D00FC23A1 /* NewsAppUIKit.app */,
			);
			name = Products;
			sourceTree = "<group>";
		};
		5451E72E2695B85D00FC23A1 /* NewsAppUIKit */ = {
			isa = PBXGroup;
			children = (
				5451E767269705E100FC23A1 /* Utils */,
				5451E7592696049400FC23A1 /* API */,
				5451E7562695E90600FC23A1 /* Resources */,
				5451E7522695E8AF00FC23A1 /* Model */,
				5451E7532695E8BD00FC23A1 /* View */,
				5451E7542695E8C400FC23A1 /* ViewController */,
				5451E7552695E8CA00FC23A1 /* ViewModel */,
				5451E73D2695B85E00FC23A1 /* Info.plist */,
			);
			path = NewsAppUIKit;
			sourceTree = "<group>";
		};
		5451E7522695E8AF00FC23A1 /* Model */ = {
			isa = PBXGroup;
			children = (
				5451E75C2696066700FC23A1 /* NewsResponse.swift */,
			);
			path = Model;
			sourceTree = "<group>";
		};
		5451E7532695E8BD00FC23A1 /* View */ = {
			isa = PBXGroup;
			children = (
				5451E73A2695B85E00FC23A1 /* LaunchScreen.storyboard */,
				5451E7352695B85D00FC23A1 /* Main.storyboard */,
				54C3BCC026EF94A6009F1BE7 /* NewsDetailStoryboard.storyboard */,
			);
			name = View;
			path = "Vİew";
			sourceTree = "<group>";
		};
		5451E7542695E8C400FC23A1 /* ViewController */ = {
			isa = PBXGroup;
			children = (
				5451E7332695B85D00FC23A1 /* NewsViewController.swift */,
				5451E75E26960A8700FC23A1 /* NewsTableViewCell.swift */,
				5451E7622696239700FC23A1 /* NewsDetailViewController.swift */,
				54C3BCC226EF94D0009F1BE7 /* NewsDetailViewControllerWithStoryboard.swift */,
				5451E7572695F64700FC23A1 /* FavoritesViewController.swift */,
				5451E76C2697333A00FC23A1 /* FavoritesTableViewCell.swift */,
			);
			path = ViewController;
			sourceTree = "<group>";
		};
		5451E7552695E8CA00FC23A1 /* ViewModel */ = {
			isa = PBXGroup;
			children = (
				5451E76026960B0A00FC23A1 /* NewsTableCellViewModel.swift */,
				5451E76E2697337700FC23A1 /* FavoritesTableViewCellViewModel.swift */,
			);
			path = ViewModel;
			sourceTree = "<group>";
		};
		5451E7562695E90600FC23A1 /* Resources */ = {
			isa = PBXGroup;
			children = (
				5451E7382695B85E00FC23A1 /* Assets.xcassets */,
				5451E72F2695B85D00FC23A1 /* AppDelegate.swift */,
				5451E7312695B85D00FC23A1 /* SceneDelegate.swift */,
			);
			path = Resources;
			sourceTree = "<group>";
		};
		5451E7592696049400FC23A1 /* API */ = {
			isa = PBXGroup;
			children = (
				5451E75A2696049D00FC23A1 /* APICaller.swift */,
			);
			path = API;
			sourceTree = "<group>";
		};
		5451E767269705E100FC23A1 /* Utils */ = {
			isa = PBXGroup;
			children = (
				5451E768269705FB00FC23A1 /* Helper.swift */,
				5451E76A2697067D00FC23A1 /* Extensions.swift */,
			);
			path = Utils;
			sourceTree = "<group>";
		};
/* End PBXGroup section */

/* Begin PBXNativeTarget section */
		5451E72B2695B85D00FC23A1 /* NewsAppUIKit */ = {
			isa = PBXNativeTarget;
			buildConfigurationList = 5451E7402695B85E00FC23A1 /* Build configuration list for PBXNativeTarget "NewsAppUIKit" */;
			buildPhases = (
				5451E7282695B85D00FC23A1 /* Sources */,
				5451E7292695B85D00FC23A1 /* Frameworks */,
				5451E72A2695B85D00FC23A1 /* Resources */,
			);
			buildRules = (
			);
			dependencies = (
			);
			name = NewsAppUIKit;
			packageProductDependencies = (
				5451E765269639E300FC23A1 /* Kingfisher */,
			);
			productName = NewsAppUIKit;
			productReference = 5451E72C2695B85D00FC23A1 /* NewsAppUIKit.app */;
			productType = "com.apple.product-type.application";
		};
/* End PBXNativeTarget section */

/* Begin PBXProject section */
		5451E7242695B85D00FC23A1 /* Project object */ = {
			isa = PBXProject;
			attributes = {
				LastSwiftUpdateCheck = 1250;
				LastUpgradeCheck = 1250;
				TargetAttributes = {
					5451E72B2695B85D00FC23A1 = {
						CreatedOnToolsVersion = 12.5.1;
					};
				};
			};
			buildConfigurationList = 5451E7272695B85D00FC23A1 /* Build configuration list for PBXProject "NewsAppUIKit" */;
			compatibilityVersion = "Xcode 9.3";
			developmentRegion = en;
			hasScannedForEncodings = 0;
			knownRegions = (
				en,
				Base,
			);
			mainGroup = 5451E7232695B85D00FC23A1;
			packageReferences = (
				5451E764269639E300FC23A1 /* XCRemoteSwiftPackageReference "Kingfisher" */,
			);
			productRefGroup = 5451E72D2695B85D00FC23A1 /* Products */;
			projectDirPath = "";
			projectRoot = "";
			targets = (
				5451E72B2695B85D00FC23A1 /* NewsAppUIKit */,
			);
		};
/* End PBXProject section */

/* Begin PBXResourcesBuildPhase section */
		5451E72A2695B85D00FC23A1 /* Resources */ = {
			isa = PBXResourcesBuildPhase;
			buildActionMask = 2147483647;
			files = (
				5451E73C2695B85E00FC23A1 /* LaunchScreen.storyboard in Resources */,
				5451E7392695B85E00FC23A1 /* Assets.xcassets in Resources */,
				5451E7372695B85D00FC23A1 /* Main.storyboard in Resources */,
				54C3BCC126EF94A6009F1BE7 /* NewsDetailStoryboard.storyboard in Resources */,
			);
			runOnlyForDeploymentPostprocessing = 0;
		};
/* End PBXResourcesBuildPhase section */

/* Begin PBXSourcesBuildPhase section */
		5451E7282695B85D00FC23A1 /* Sources */ = {
			isa = PBXSourcesBuildPhase;
			buildActionMask = 2147483647;
			files = (
				5451E76F2697337700FC23A1 /* FavoritesTableViewCellViewModel.swift in Sources */,
				5451E76126960B0A00FC23A1 /* NewsTableCellViewModel.swift in Sources */,
				5451E76D2697333A00FC23A1 /* FavoritesTableViewCell.swift in Sources */,
				5451E7342695B85D00FC23A1 /* NewsViewController.swift in Sources */,
				5451E769269705FB00FC23A1 /* Helper.swift in Sources */,
				54C3BCC326EF94D0009F1BE7 /* NewsDetailViewControllerWithStoryboard.swift in Sources */,
				5451E75F26960A8700FC23A1 /* NewsTableViewCell.swift in Sources */,
				5451E7302695B85D00FC23A1 /* AppDelegate.swift in Sources */,
				5451E75D2696066700FC23A1 /* NewsResponse.swift in Sources */,
				5451E7582695F64700FC23A1 /* FavoritesViewController.swift in Sources */,
				5451E7632696239700FC23A1 /* NewsDetailViewController.swift in Sources */,
				5451E75B2696049D00FC23A1 /* APICaller.swift in Sources */,
				5451E76B2697067D00FC23A1 /* Extensions.swift in Sources */,
				5451E7322695B85D00FC23A1 /* SceneDelegate.swift in Sources */,
			);
			runOnlyForDeploymentPostprocessing = 0;
		};
/* End PBXSourcesBuildPhase section */

/* Begin PBXVariantGroup section */
		5451E7352695B85D00FC23A1 /* Main.storyboard */ = {
			isa = PBXVariantGroup;
			children = (
				5451E7362695B85D00FC23A1 /* Base */,
			);
			name = Main.storyboard;
			sourceTree = "<group>";
		};
		5451E73A2695B85E00FC23A1 /* LaunchScreen.storyboard */ = {
			isa = PBXVariantGroup;
			children = (
				5451E73B2695B85E00FC23A1 /* Base */,
			);
			name = LaunchScreen.storyboard;
			sourceTree = "<group>";
		};
/* End PBXVariantGroup section */

/* Begin XCBuildConfiguration section */
		5451E73E2695B85E00FC23A1 /* Debug */ = {
			isa = XCBuildConfiguration;
			buildSettings = {
				ALWAYS_SEARCH_USER_PATHS = NO;
				CLANG_ANALYZER_NONNULL = YES;
				CLANG_ANALYZER_NUMBER_OBJECT_CONVERSION = YES_AGGRESSIVE;
				CLANG_CXX_LANGUAGE_STANDARD = "gnu++14";
				CLANG_CXX_LIBRARY = "libc++";
				CLANG_ENABLE_MODULES = YES;
				CLANG_ENABLE_OBJC_ARC = YES;
				CLANG_ENABLE_OBJC_WEAK = YES;
				CLANG_WARN_BLOCK_CAPTURE_AUTORELEASING = YES;
				CLANG_WARN_BOOL_CONVERSION = YES;
				CLANG_WARN_COMMA = YES;
				CLANG_WARN_CONSTANT_CONVERSION = YES;
				CLANG_WARN_DEPRECATED_OBJC_IMPLEMENTATIONS = YES;
				CLANG_WARN_DIRECT_OBJC_ISA_USAGE = YES_ERROR;
				CLANG_WARN_DOCUMENTATION_COMMENTS = YES;
				CLANG_WARN_EMPTY_BODY = YES;
				CLANG_WARN_ENUM_CONVERSION = YES;
				CLANG_WARN_INFINITE_RECURSION = YES;
				CLANG_WARN_INT_CONVERSION = YES;
				CLANG_WARN_NON_LITERAL_NULL_CONVERSION = YES;
				CLANG_WARN_OBJC_IMPLICIT_RETAIN_SELF = YES;
				CLANG_WARN_OBJC_LITERAL_CONVERSION = YES;
				CLANG_WARN_OBJC_ROOT_CLASS = YES_ERROR;
				CLANG_WARN_QUOTED_INCLUDE_IN_FRAMEWORK_HEADER = YES;
				CLANG_WARN_RANGE_LOOP_ANALYSIS = YES;
				CLANG_WARN_STRICT_PROTOTYPES = YES;
				CLANG_WARN_SUSPICIOUS_MOVE = YES;
				CLANG_WARN_UNGUARDED_AVAILABILITY = YES_AGGRESSIVE;
				CLANG_WARN_UNREACHABLE_CODE = YES;
				CLANG_WARN__DUPLICATE_METHOD_MATCH = YES;
				COPY_PHASE_STRIP = NO;
				DEBUG_INFORMATION_FORMAT = dwarf;
				ENABLE_STRICT_OBJC_MSGSEND = YES;
				ENABLE_TESTABILITY = YES;
				GCC_C_LANGUAGE_STANDARD = gnu11;
				GCC_DYNAMIC_NO_PIC = NO;
				GCC_NO_COMMON_BLOCKS = YES;
				GCC_OPTIMIZATION_LEVEL = 0;
				GCC_PREPROCESSOR_DEFINITIONS = (
					"DEBUG=1",
					"$(inherited)",
				);
				GCC_WARN_64_TO_32_BIT_CONVERSION = YES;
				GCC_WARN_ABOUT_RETURN_TYPE = YES_ERROR;
				GCC_WARN_UNDECLARED_SELECTOR = YES;
				GCC_WARN_UNINITIALIZED_AUTOS = YES_AGGRESSIVE;
				GCC_WARN_UNUSED_FUNCTION = YES;
				GCC_WARN_UNUSED_VARIABLE = YES;
				IPHONEOS_DEPLOYMENT_TARGET = 14.5;
				MTL_ENABLE_DEBUG_INFO = INCLUDE_SOURCE;
				MTL_FAST_MATH = YES;
				ONLY_ACTIVE_ARCH = YES;
				SDKROOT = iphoneos;
				SWIFT_ACTIVE_COMPILATION_CONDITIONS = DEBUG;
				SWIFT_OPTIMIZATION_LEVEL = "-Onone";
			};
			name = Debug;
		};
		5451E73F2695B85E00FC23A1 /* Release */ = {
			isa = XCBuildConfiguration;
			buildSettings = {
				ALWAYS_SEARCH_USER_PATHS = NO;
				CLANG_ANALYZER_NONNULL = YES;
				CLANG_ANALYZER_NUMBER_OBJECT_CONVERSION = YES_AGGRESSIVE;
				CLANG_CXX_LANGUAGE_STANDARD = "gnu++14";
				CLANG_CXX_LIBRARY = "libc++";
				CLANG_ENABLE_MODULES = YES;
				CLANG_ENABLE_OBJC_ARC = YES;
				CLANG_ENABLE_OBJC_WEAK = YES;
				CLANG_WARN_BLOCK_CAPTURE_AUTORELEASING = YES;
				CLANG_WARN_BOOL_CONVERSION = YES;
				CLANG_WARN_COMMA = YES;
				CLANG_WARN_CONSTANT_CONVERSION = YES;
				CLANG_WARN_DEPRECATED_OBJC_IMPLEMENTATIONS = YES;
				CLANG_WARN_DIRECT_OBJC_ISA_USAGE = YES_ERROR;
				CLANG_WARN_DOCUMENTATION_COMMENTS = YES;
				CLANG_WARN_EMPTY_BODY = YES;
				CLANG_WARN_ENUM_CONVERSION = YES;
				CLANG_WARN_INFINITE_RECURSION = YES;
				CLANG_WARN_INT_CONVERSION = YES;
				CLANG_WARN_NON_LITERAL_NULL_CONVERSION = YES;
				CLANG_WARN_OBJC_IMPLICIT_RETAIN_SELF = YES;
				CLANG_WARN_OBJC_LITERAL_CONVERSION = YES;
				CLANG_WARN_OBJC_ROOT_CLASS = YES_ERROR;
				CLANG_WARN_QUOTED_INCLUDE_IN_FRAMEWORK_HEADER = YES;
				CLANG_WARN_RANGE_LOOP_ANALYSIS = YES;
				CLANG_WARN_STRICT_PROTOTYPES = YES;
				CLANG_WARN_SUSPICIOUS_MOVE = YES;
				CLANG_WARN_UNGUARDED_AVAILABILITY = YES_AGGRESSIVE;
				CLANG_WARN_UNREACHABLE_CODE = YES;
				CLANG_WARN__DUPLICATE_METHOD_MATCH = YES;
				COPY_PHASE_STRIP = NO;
				DEBUG_INFORMATION_FORMAT = "dwarf-with-dsym";
				ENABLE_NS_ASSERTIONS = NO;
				ENABLE_STRICT_OBJC_MSGSEND = YES;
				GCC_C_LANGUAGE_STANDARD = gnu11;
				GCC_NO_COMMON_BLOCKS = YES;
				GCC_WARN_64_TO_32_BIT_CONVERSION = YES;
				GCC_WARN_ABOUT_RETURN_TYPE = YES_ERROR;
				GCC_WARN_UNDECLARED_SELECTOR = YES;
				GCC_WARN_UNINITIALIZED_AUTOS = YES_AGGRESSIVE;
				GCC_WARN_UNUSED_FUNCTION = YES;
				GCC_WARN_UNUSED_VARIABLE = YES;
				IPHONEOS_DEPLOYMENT_TARGET = 14.5;
				MTL_ENABLE_DEBUG_INFO = NO;
				MTL_FAST_MATH = YES;
				SDKROOT = iphoneos;
				SWIFT_COMPILATION_MODE = wholemodule;
				SWIFT_OPTIMIZATION_LEVEL = "-O";
				VALIDATE_PRODUCT = YES;
			};
			name = Release;
		};
		5451E7412695B85E00FC23A1 /* Debug */ = {
			isa = XCBuildConfiguration;
			buildSettings = {
				ASSETCATALOG_COMPILER_APPICON_NAME = AppIcon;
				ASSETCATALOG_COMPILER_GLOBAL_ACCENT_COLOR_NAME = AccentColor;
				CODE_SIGN_STYLE = Automatic;
				DEVELOPMENT_TEAM = 37TC2VKVJ6;
				INFOPLIST_FILE = NewsAppUIKit/Info.plist;
				LD_RUNPATH_SEARCH_PATHS = (
					"$(inherited)",
					"@executable_path/Frameworks",
				);
				PRODUCT_BUNDLE_IDENTIFIER = com.orion.NewsAppUIKit;
				PRODUCT_NAME = "$(TARGET_NAME)";
				SWIFT_VERSION = 5.0;
				TARGETED_DEVICE_FAMILY = "1,2";
			};
			name = Debug;
		};
		5451E7422695B85E00FC23A1 /* Release */ = {
			isa = XCBuildConfiguration;
			buildSettings = {
				ASSETCATALOG_COMPILER_APPICON_NAME = AppIcon;
				ASSETCATALOG_COMPILER_GLOBAL_ACCENT_COLOR_NAME = AccentColor;
				CODE_SIGN_STYLE = Automatic;
				DEVELOPMENT_TEAM = 37TC2VKVJ6;
				INFOPLIST_FILE = NewsAppUIKit/Info.plist;
				LD_RUNPATH_SEARCH_PATHS = (
					"$(inherited)",
					"@executable_path/Frameworks",
				);
				PRODUCT_BUNDLE_IDENTIFIER = com.orion.NewsAppUIKit;
				PRODUCT_NAME = "$(TARGET_NAME)";
				SWIFT_VERSION = 5.0;
				TARGETED_DEVICE_FAMILY = "1,2";
			};
			name = Release;
		};
/* End XCBuildConfiguration section */

/* Begin XCConfigurationList section */
		5451E7272695B85D00FC23A1 /* Build configuration list for PBXProject "NewsAppUIKit" */ = {
			isa = XCConfigurationList;
			buildConfigurations = (
				5451E73E2695B85E00FC23A1 /* Debug */,
				5451E73F2695B85E00FC23A1 /* Release */,
			);
			defaultConfigurationIsVisible = 0;
			defaultConfigurationName = Release;
		};
		5451E7402695B85E00FC23A1 /* Build configuration list for PBXNativeTarget "NewsAppUIKit" */ = {
			isa = XCConfigurationList;
			buildConfigurations = (
				5451E7412695B85E00FC23A1 /* Debug */,
				5451E7422695B85E00FC23A1 /* Release */,
			);
			defaultConfigurationIsVisible = 0;
			defaultConfigurationName = Release;
		};
/* End XCConfigurationList section */

/* Begin XCRemoteSwiftPackageReference section */
		5451E764269639E300FC23A1 /* XCRemoteSwiftPackageReference "Kingfisher" */ = {
			isa = XCRemoteSwiftPackageReference;
			repositoryURL = "https://github.com/onevcat/Kingfisher.git";
			requirement = {
				kind = upToNextMajorVersion;
				minimumVersion = 6.3.0;
			};
		};
/* End XCRemoteSwiftPackageReference section */

/* Begin XCSwiftPackageProductDependency section */
		5451E765269639E300FC23A1 /* Kingfisher */ = {
			isa = XCSwiftPackageProductDependency;
			package = 5451E764269639E300FC23A1 /* XCRemoteSwiftPackageReference "Kingfisher" */;
			productName = Kingfisher;
		};
/* End XCSwiftPackageProductDependency section */
	};
	rootObject = 5451E7242695B85D00FC23A1 /* Project object */;
}
